// !$*UTF8*$!
{
	archiveVersion = 1;
	classes = {
	};
	objectVersion = 46;
	objects = {

/* Begin PBXBuildFile section */
		5E61EA7B1E9553BF0007E5A0 /* AppDelegate.swift in Sources */ = {isa = PBXBuildFile; fileRef = 5E61EA7A1E9553BF0007E5A0 /* AppDelegate.swift */; };
		5E61EA801E9553BF0007E5A0 /* Main.storyboard in Resources */ = {isa = PBXBuildFile; fileRef = 5E61EA7E1E9553BF0007E5A0 /* Main.storyboard */; };
		5E61EA821E9553BF0007E5A0 /* Assets.xcassets in Resources */ = {isa = PBXBuildFile; fileRef = 5E61EA811E9553BF0007E5A0 /* Assets.xcassets */; };
		5E61EA851E9553BF0007E5A0 /* LaunchScreen.storyboard in Resources */ = {isa = PBXBuildFile; fileRef = 5E61EA831E9553BF0007E5A0 /* LaunchScreen.storyboard */; };
		5E61EA8E1E9557D60007E5A0 /* CardsViewController.swift in Sources */ = {isa = PBXBuildFile; fileRef = 5E61EA8D1E9557D60007E5A0 /* CardsViewController.swift */; };
		5E61EA901E956AB60007E5A0 /* DraggableImageView.swift in Sources */ = {isa = PBXBuildFile; fileRef = 5E61EA8F1E956AB60007E5A0 /* DraggableImageView.swift */; };
/* End PBXBuildFile section */

/* Begin PBXFileReference section */
		5E61EA771E9553BF0007E5A0 /* Tinder.app */ = {isa = PBXFileReference; explicitFileType = wrapper.application; includeInIndex = 0; path = Tinder.app; sourceTree = BUILT_PRODUCTS_DIR; };
		5E61EA7A1E9553BF0007E5A0 /* AppDelegate.swift */ = {isa = PBXFileReference; lastKnownFileType = sourcecode.swift; path = AppDelegate.swift; sourceTree = "<group>"; };
		5E61EA7F1E9553BF0007E5A0 /* Base */ = {isa = PBXFileReference; lastKnownFileType = file.storyboard; name = Base; path = Base.lproj/Main.storyboard; sourceTree = "<group>"; };
		5E61EA811E9553BF0007E5A0 /* Assets.xcassets */ = {isa = PBXFileReference; lastKnownFileType = folder.assetcatalog; path = Assets.xcassets; sourceTree = "<group>"; };
		5E61EA841E9553BF0007E5A0 /* Base */ = {isa = PBXFileReference; lastKnownFileType = file.storyboard; name = Base; path = Base.lproj/LaunchScreen.storyboard; sourceTree = "<group>"; };
		5E61EA861E9553BF0007E5A0 /* Info.plist */ = {isa = PBXFileReference; lastKnownFileType = text.plist.xml; path = Info.plist; sourceTree = "<group>"; };
		5E61EA8D1E9557D60007E5A0 /* CardsViewController.swift */ = {isa = PBXFileReference; fileEncoding = 4; lastKnownFileType = sourcecode.swift; path = CardsViewController.swift; sourceTree = "<group>"; };
		5E61EA8F1E956AB60007E5A0 /* DraggableImageView.swift */ = {isa = PBXFileReference; fileEncoding = 4; lastKnownFileType = sourcecode.swift; path = DraggableImageView.swift; sourceTree = "<group>"; };
/* End PBXFileReference section */

/* Begin PBXFrameworksBuildPhase section */
		5E61EA741E9553BF0007E5A0 /* Frameworks */ = {
			isa = PBXFrameworksBuildPhase;
			buildActionMask = 2147483647;
			files = (
			);
			runOnlyForDeploymentPostprocessing = 0;
		};
/* End PBXFrameworksBuildPhase section */

/* Begin PBXGroup section */
		5E61EA6E1E9553BF0007E5A0 = {
			isa = PBXGroup;
			children = (
				5E61EA791E9553BF0007E5A0 /* Tinder */,
				5E61EA781E9553BF0007E5A0 /* Products */,
			);
			sourceTree = "<group>";
		};
		5E61EA781E9553BF0007E5A0 /* Products */ = {
			isa = PBXGroup;
			children = (
				5E61EA771E9553BF0007E5A0 /* Tinder.app */,
			);
			name = Products;
			sourceTree = "<group>";
		};
		5E61EA791E9553BF0007E5A0 /* Tinder */ = {
			isa = PBXGroup;
			children = (
				5E61EA911E9572B90007E5A0 /* views */,
				5E61EA8C1E9557AF0007E5A0 /* view controllers */,
				5E61EA7A1E9553BF0007E5A0 /* AppDelegate.swift */,
				5E61EA7E1E9553BF0007E5A0 /* Main.storyboard */,
				5E61EA811E9553BF0007E5A0 /* Assets.xcassets */,
				5E61EA831E9553BF0007E5A0 /* LaunchScreen.storyboard */,
				5E61EA861E9553BF0007E5A0 /* Info.plist */,
			);
			path = Tinder;
			sourceTree = "<group>";
		};
		5E61EA8C1E9557AF0007E5A0 /* view controllers */ = {
			isa = PBXGroup;
			children = (
				5E61EA8D1E9557D60007E5A0 /* CardsViewController.swift */,
			);
			name = "view controllers";
			sourceTree = "<group>";
		};
		5E61EA911E9572B90007E5A0 /* views */ = {
			isa = PBXGroup;
			children = (
				5E61EA8F1E956AB60007E5A0 /* DraggableImageView.swift */,
			);
			name = views;
			sourceTree = "<group>";
		};
/* End PBXGroup section */

/* Begin PBXNativeTarget section */
		5E61EA761E9553BF0007E5A0 /* Tinder */ = {
			isa = PBXNativeTarget;
			buildConfigurationList = 5E61EA891E9553BF0007E5A0 /* Build configuration list for PBXNativeTarget "Tinder" */;
			buildPhases = (
				5E61EA731E9553BF0007E5A0 /* Sources */,
				5E61EA741E9553BF0007E5A0 /* Frameworks */,
				5E61EA751E9553BF0007E5A0 /* Resources */,
			);
			buildRules = (
			);
			dependencies = (
			);
			name = Tinder;
			productName = Tinder;
			productReference = 5E61EA771E9553BF0007E5A0 /* Tinder.app */;
			productType = "com.apple.product-type.application";
		};
/* End PBXNativeTarget section */

/* Begin PBXProject section */
		5E61EA6F1E9553BF0007E5A0 /* Project object */ = {
			isa = PBXProject;
			attributes = {
				LastSwiftUpdateCheck = 0830;
				LastUpgradeCheck = 0830;
				ORGANIZATIONNAME = sammanios;
				TargetAttributes = {
					5E61EA761E9553BF0007E5A0 = {
						CreatedOnToolsVersion = 8.3;
						DevelopmentTeam = K86KHC28SR;
						ProvisioningStyle = Automatic;
					};
				};
			};
			buildConfigurationList = 5E61EA721E9553BF0007E5A0 /* Build configuration list for PBXProject "Tinder" */;
			compatibilityVersion = "Xcode 3.2";
			developmentRegion = English;
			hasScannedForEncodings = 0;
			knownRegions = (
				en,
				Base,
			);
			mainGroup = 5E61EA6E1E9553BF0007E5A0;
			productRefGroup = 5E61EA781E9553BF0007E5A0 /* Products */;
			projectDirPath = "";
			projectRoot = "";
			targets = (
				5E61EA761E9553BF0007E5A0 /* Tinder */,
			);
		};
/* End PBXProject section */

/* Begin PBXResourcesBuildPhase section */
		5E61EA751E9553BF0007E5A0 /* Resources */ = {
			isa = PBXResourcesBuildPhase;
			buildActionMask = 2147483647;
			files = (
				5E61EA851E9553BF0007E5A0 /* LaunchScreen.storyboard in Resources */,
				5E61EA821E9553BF0007E5A0 /* Assets.xcassets in Resources */,
				5E61EA801E9553BF0007E5A0 /* Main.storyboard in Resources */,
			);
			runOnlyForDeploymentPostprocessing = 0;
		};
/* End PBXResourcesBuildPhase section */

/* Begin PBXSourcesBuildPhase section */
		5E61EA731E9553BF0007E5A0 /* Sources */ = {
			isa = PBXSourcesBuildPhase;
			buildActionMask = 2147483647;
			files = (
				5E61EA8E1E9557D60007E5A0 /* CardsViewController.swift in Sources */,
				5E61EA901E956AB60007E5A0 /* DraggableImageView.swift in Sources */,
				5E61EA7B1E9553BF0007E5A0 /* AppDelegate.swift in Sources */,
			);
			runOnlyForDeploymentPostprocessing = 0;
		};
/* End PBXSourcesBuildPhase section */

/* Begin PBXVariantGroup section */
		5E61EA7E1E9553BF0007E5A0 /* Main.storyboard */ = {
			isa = PBXVariantGroup;
			children = (
				5E61EA7F1E9553BF0007E5A0 /* Base */,
			);
			name = Main.storyboard;
			sourceTree = "<group>";
		};
		5E61EA831E9553BF0007E5A0 /* LaunchScreen.storyboard */ = {
			isa = PBXVariantGroup;
			children = (
				5E61EA841E9553BF0007E5A0 /* Base */,
			);
			name = LaunchScreen.storyboard;
			sourceTree = "<group>";
		};
/* End PBXVariantGroup section */

/* Begin XCBuildConfiguration section */
		5E61EA871E9553BF0007E5A0 /* Debug */ = {
			isa = XCBuildConfiguration;
			buildSettings = {
				ALWAYS_SEARCH_USER_PATHS = NO;
				CLANG_ANALYZER_NONNULL = YES;
				CLANG_ANALYZER_NUMBER_OBJECT_CONVERSION = YES_AGGRESSIVE;
				CLANG_CXX_LANGUAGE_STANDARD = "gnu++0x";
				CLANG_CXX_LIBRARY = "libc++";
				CLANG_ENABLE_MODULES = YES;
				CLANG_ENABLE_OBJC_ARC = YES;
				CLANG_WARN_BOOL_CONVERSION = YES;
				CLANG_WARN_CONSTANT_CONVERSION = YES;
				CLANG_WARN_DIRECT_OBJC_ISA_USAGE = YES_ERROR;
				CLANG_WARN_DOCUMENTATION_COMMENTS = YES;
				CLANG_WARN_EMPTY_BODY = YES;
				CLANG_WARN_ENUM_CONVERSION = YES;
				CLANG_WARN_INFINITE_RECURSION = YES;
				CLANG_WARN_INT_CONVERSION = YES;
				CLANG_WARN_OBJC_ROOT_CLASS = YES_ERROR;
				CLANG_WARN_SUSPICIOUS_MOVE = YES;
				CLANG_WARN_UNREACHABLE_CODE = YES;
				CLANG_WARN__DUPLICATE_METHOD_MATCH = YES;
				"CODE_SIGN_IDENTITY[sdk=iphoneos*]" = "iPhone Developer";
				COPY_PHASE_STRIP = NO;
				DEBUG_INFORMATION_FORMAT = dwarf;
				ENABLE_STRICT_OBJC_MSGSEND = YES;
				ENABLE_TESTABILITY = YES;
				GCC_C_LANGUAGE_STANDARD = gnu99;
				GCC_DYNAMIC_NO_PIC = NO;
				GCC_NO_COMMON_BLOCKS = YES;
				GCC_OPTIMIZATION_LEVEL = 0;
				GCC_PREPROCESSOR_DEFINITIONS = (
					"DEBUG=1",
					"$(inherited)",
				);
				GCC_WARN_64_TO_32_BIT_CONVERSION = YES;
				GCC_WARN_ABOUT_RETURN_TYPE = YES_ERROR;
				GCC_WARN_UNDECLARED_SELECTOR = YES;
				GCC_WARN_UNINITIALIZED_AUTOS = YES_AGGRESSIVE;
				GCC_WARN_UNUSED_FUNCTION = YES;
				GCC_WARN_UNUSED_VARIABLE = YES;
				IPHONEOS_DEPLOYMENT_TARGET = 10.3;
				MTL_ENABLE_DEBUG_INFO = YES;
				ONLY_ACTIVE_ARCH = YES;
				SDKROOT = iphoneos;
				SWIFT_ACTIVE_COMPILATION_CONDITIONS = DEBUG;
				SWIFT_OPTIMIZATION_LEVEL = "-Onone";
				TARGETED_DEVICE_FAMILY = "1,2";
			};
			name = Debug;
		};
		5E61EA881E9553BF0007E5A0 /* Release */ = {
			isa = XCBuildConfiguration;
			buildSettings = {
				ALWAYS_SEARCH_USER_PATHS = NO;
				CLANG_ANALYZER_NONNULL = YES;
				CLANG_ANALYZER_NUMBER_OBJECT_CONVERSION = YES_AGGRESSIVE;
				CLANG_CXX_LANGUAGE_STANDARD = "gnu++0x";
				CLANG_CXX_LIBRARY = "libc++";
				CLANG_ENABLE_MODULES = YES;
				CLANG_ENABLE_OBJC_ARC = YES;
				CLANG_WARN_BOOL_CONVERSION = YES;
				CLANG_WARN_CONSTANT_CONVERSION = YES;
				CLANG_WARN_DIRECT_OBJC_ISA_USAGE = YES_ERROR;
				CLANG_WARN_DOCUMENTATION_COMMENTS = YES;
				CLANG_WARN_EMPTY_BODY = YES;
				CLANG_WARN_ENUM_CONVERSION = YES;
				CLANG_WARN_INFINITE_RECURSION = YES;
				CLANG_WARN_INT_CONVERSION = YES;
				CLANG_WARN_OBJC_ROOT_CLASS = YES_ERROR;
				CLANG_WARN_SUSPICIOUS_MOVE = YES;
				CLANG_WARN_UNREACHABLE_CODE = YES;
				CLANG_WARN__DUPLICATE_METHOD_MATCH = YES;
				"CODE_SIGN_IDENTITY[sdk=iphoneos*]" = "iPhone Developer";
				COPY_PHASE_STRIP = NO;
				DEBUG_INFORMATION_FORMAT = "dwarf-with-dsym";
				ENABLE_NS_ASSERTIONS = NO;
				ENABLE_STRICT_OBJC_MSGSEND = YES;
				GCC_C_LANGUAGE_STANDARD = gnu99;
				GCC_NO_COMMON_BLOCKS = YES;
				GCC_WARN_64_TO_32_BIT_CONVERSION = YES;
				GCC_WARN_ABOUT_RETURN_TYPE = YES_ERROR;
				GCC_WARN_UNDECLARED_SELECTOR = YES;
				GCC_WARN_UNINITIALIZED_AUTOS = YES_AGGRESSIVE;
				GCC_WARN_UNUSED_FUNCTION = YES;
				GCC_WARN_UNUSED_VARIABLE = YES;
				IPHONEOS_DEPLOYMENT_TARGET = 10.3;
				MTL_ENABLE_DEBUG_INFO = NO;
				SDKROOT = iphoneos;
				SWIFT_OPTIMIZATION_LEVEL = "-Owholemodule";
				TARGETED_DEVICE_FAMILY = "1,2";
				VALIDATE_PRODUCT = YES;
			};
			name = Release;
		};
		5E61EA8A1E9553BF0007E5A0 /* Debug */ = {
			isa = XCBuildConfiguration;
			buildSettings = {
				ASSETCATALOG_COMPILER_APPICON_NAME = AppIcon;
				DEVELOPMENT_TEAM = K86KHC28SR;
				INFOPLIST_FILE = Tinder/Info.plist;
				LD_RUNPATH_SEARCH_PATHS = "$(inherited) @executable_path/Frameworks";
				PRODUCT_BUNDLE_IDENTIFIER = com.sammanapps.Tinder.Tinder;
				PRODUCT_NAME = "$(TARGET_NAME)";
				SWIFT_VERSION = 3.0;
			};
			name = Debug;
		};
		5E61EA8B1E9553BF0007E5A0 /* Release */ = {
			isa = XCBuildConfiguration;
			buildSettings = {
				ASSETCATALOG_COMPILER_APPICON_NAME = AppIcon;
				DEVELOPMENT_TEAM = K86KHC28SR;
				INFOPLIST_FILE = Tinder/Info.plist;
				LD_RUNPATH_SEARCH_PATHS = "$(inherited) @executable_path/Frameworks";
				PRODUCT_BUNDLE_IDENTIFIER = com.sammanapps.Tinder.Tinder;
				PRODUCT_NAME = "$(TARGET_NAME)";
				SWIFT_VERSION = 3.0;
			};
			name = Release;
		};
/* End XCBuildConfiguration section */

/* Begin XCConfigurationList section */
		5E61EA721E9553BF0007E5A0 /* Build configuration list for PBXProject "Tinder" */ = {
			isa = XCConfigurationList;
			buildConfigurations = (
				5E61EA871E9553BF0007E5A0 /* Debug */,
				5E61EA881E9553BF0007E5A0 /* Release */,
			);
			defaultConfigurationIsVisible = 0;
			defaultConfigurationName = Release;
		};
		5E61EA891E9553BF0007E5A0 /* Build configuration list for PBXNativeTarget "Tinder" */ = {
			isa = XCConfigurationList;
			buildConfigurations = (
				5E61EA8A1E9553BF0007E5A0 /* Debug */,
				5E61EA8B1E9553BF0007E5A0 /* Release */,
			);
			defaultConfigurationIsVisible = 0;
		};
/* End XCConfigurationList section */
	};
	rootObject = 5E61EA6F1E9553BF0007E5A0 /* Project object */;
}
